{
  "name": "test-mqttalk",
  "version": "1.0.0",
  "lockfileVersion": 1,
  "requires": true,
  "dependencies": {
    "mqttalk": {
      "version": "0.0.23",
      "resolved": "https://registry.npmjs.org/mqttalk/-/mqttalk-0.0.23.tgz",
      "integrity": "sha512-a9OtTTMu5EqRhjYUdmbTAEoBgxWX0xky2rHNGwjJrfm/hl6au2PLgznNZTxJlgGNdoenRF36obR9BU+e4iaC1Q=="
    }
  }
}
