{
  "name": "test-mqttalk",
  "version": "1.0.0",
  "lockfileVersion": 1,
  "requires": true,
  "dependencies": {
    "mqttalk": {
      "version": "0.0.21",
      "resolved": "https://registry.npmjs.org/mqttalk/-/mqttalk-0.0.21.tgz",
      "integrity": "sha512-1PuRli9SF3vlmG0vzUga5UrKzWNUZ7ICCcPWuw6LpEiH+oFGRoT6Xc1Brbn+gbvgRARw5mU46MZXRyTTLDhdpA=="
    }
  }
}
